// !$*UTF8*$!
{
	archiveVersion = 1;
	classes = {
	};
	objectVersion = 48;
	objects = {

/* Begin PBXBuildFile section */
		D52A2DA91FAC60C800A64C21 /* DetailViewController.swift in Sources */ = {isa = PBXBuildFile; fileRef = D52A2DA81FAC60C800A64C21 /* DetailViewController.swift */; };
		D53199091FAB6C540093599A /* AppDelegate.swift in Sources */ = {isa = PBXBuildFile; fileRef = D53199081FAB6C540093599A /* AppDelegate.swift */; };
		D531990B1FAB6C540093599A /* FriendsViewController.swift in Sources */ = {isa = PBXBuildFile; fileRef = D531990A1FAB6C540093599A /* FriendsViewController.swift */; };
		D531990D1FAB6C540093599A /* BestFriendsViewController.swift in Sources */ = {isa = PBXBuildFile; fileRef = D531990C1FAB6C540093599A /* BestFriendsViewController.swift */; };
		D53199101FAB6C540093599A /* Main.storyboard in Resources */ = {isa = PBXBuildFile; fileRef = D531990E1FAB6C540093599A /* Main.storyboard */; };
		D53199121FAB6C540093599A /* Assets.xcassets in Resources */ = {isa = PBXBuildFile; fileRef = D53199111FAB6C540093599A /* Assets.xcassets */; };
		D53199151FAB6C540093599A /* LaunchScreen.storyboard in Resources */ = {isa = PBXBuildFile; fileRef = D53199131FAB6C540093599A /* LaunchScreen.storyboard */; };
		D531993B1FAB73190093599A /* FriendCell.swift in Sources */ = {isa = PBXBuildFile; fileRef = D531993A1FAB73190093599A /* FriendCell.swift */; };
		D531993D1FAB789B0093599A /* FriendVO.swift in Sources */ = {isa = PBXBuildFile; fileRef = D531993C1FAB789B0093599A /* FriendVO.swift */; };
/* End PBXBuildFile section */

/* Begin PBXFileReference section */
		D52A2DA81FAC60C800A64C21 /* DetailViewController.swift */ = {isa = PBXFileReference; lastKnownFileType = sourcecode.swift; path = DetailViewController.swift; sourceTree = "<group>"; };
		D53199051FAB6C540093599A /* ios.app */ = {isa = PBXFileReference; explicitFileType = wrapper.application; includeInIndex = 0; path = ios.app; sourceTree = BUILT_PRODUCTS_DIR; };
		D53199081FAB6C540093599A /* AppDelegate.swift */ = {isa = PBXFileReference; lastKnownFileType = sourcecode.swift; path = AppDelegate.swift; sourceTree = "<group>"; };
		D531990A1FAB6C540093599A /* FriendsViewController.swift */ = {isa = PBXFileReference; lastKnownFileType = sourcecode.swift; path = FriendsViewController.swift; sourceTree = "<group>"; };
		D531990C1FAB6C540093599A /* BestFriendsViewController.swift */ = {isa = PBXFileReference; lastKnownFileType = sourcecode.swift; path = BestFriendsViewController.swift; sourceTree = "<group>"; };
		D531990F1FAB6C540093599A /* Base */ = {isa = PBXFileReference; lastKnownFileType = file.storyboard; name = Base; path = Base.lproj/Main.storyboard; sourceTree = "<group>"; };
		D53199111FAB6C540093599A /* Assets.xcassets */ = {isa = PBXFileReference; lastKnownFileType = folder.assetcatalog; path = Assets.xcassets; sourceTree = "<group>"; };
		D53199141FAB6C540093599A /* Base */ = {isa = PBXFileReference; lastKnownFileType = file.storyboard; name = Base; path = Base.lproj/LaunchScreen.storyboard; sourceTree = "<group>"; };
		D53199161FAB6C540093599A /* Info.plist */ = {isa = PBXFileReference; lastKnownFileType = text.plist.xml; path = Info.plist; sourceTree = "<group>"; };
		D531993A1FAB73190093599A /* FriendCell.swift */ = {isa = PBXFileReference; lastKnownFileType = sourcecode.swift; path = FriendCell.swift; sourceTree = "<group>"; };
		D531993C1FAB789B0093599A /* FriendVO.swift */ = {isa = PBXFileReference; lastKnownFileType = sourcecode.swift; path = FriendVO.swift; sourceTree = "<group>"; };
/* End PBXFileReference section */

/* Begin PBXFrameworksBuildPhase section */
		D53199021FAB6C540093599A /* Frameworks */ = {
			isa = PBXFrameworksBuildPhase;
			buildActionMask = 2147483647;
			files = (
			);
			runOnlyForDeploymentPostprocessing = 0;
		};
/* End PBXFrameworksBuildPhase section */

/* Begin PBXGroup section */
		D53198FC1FAB6C540093599A = {
			isa = PBXGroup;
			children = (
				D53199071FAB6C540093599A /* ios */,
				D53199061FAB6C540093599A /* Products */,
			);
			sourceTree = "<group>";
		};
		D53199061FAB6C540093599A /* Products */ = {
			isa = PBXGroup;
			children = (
				D53199051FAB6C540093599A /* ios.app */,
			);
			name = Products;
			sourceTree = "<group>";
		};
		D53199071FAB6C540093599A /* ios */ = {
			isa = PBXGroup;
			children = (
				D53199081FAB6C540093599A /* AppDelegate.swift */,
				D531990A1FAB6C540093599A /* FriendsViewController.swift */,
				D531993A1FAB73190093599A /* FriendCell.swift */,
				D531990C1FAB6C540093599A /* BestFriendsViewController.swift */,
				D531990E1FAB6C540093599A /* Main.storyboard */,
				D52A2DA81FAC60C800A64C21 /* DetailViewController.swift */,
				D53199111FAB6C540093599A /* Assets.xcassets */,
				D53199131FAB6C540093599A /* LaunchScreen.storyboard */,
				D53199161FAB6C540093599A /* Info.plist */,
				D531993C1FAB789B0093599A /* FriendVO.swift */,
			);
			path = ios;
			sourceTree = "<group>";
		};
/* End PBXGroup section */

/* Begin PBXNativeTarget section */
		D53199041FAB6C540093599A /* ios */ = {
			isa = PBXNativeTarget;
			buildConfigurationList = D53199191FAB6C540093599A /* Build configuration list for PBXNativeTarget "ios" */;
			buildPhases = (
				D53199011FAB6C540093599A /* Sources */,
				D53199021FAB6C540093599A /* Frameworks */,
				D53199031FAB6C540093599A /* Resources */,
			);
			buildRules = (
			);
			dependencies = (
			);
			name = ios;
			productName = ios;
			productReference = D53199051FAB6C540093599A /* ios.app */;
			productType = "com.apple.product-type.application";
		};
/* End PBXNativeTarget section */

/* Begin PBXProject section */
		D53198FD1FAB6C540093599A /* Project object */ = {
			isa = PBXProject;
			attributes = {
				LastSwiftUpdateCheck = 0900;
				LastUpgradeCheck = 0900;
				ORGANIZATIONNAME = jex;
				TargetAttributes = {
					D53199041FAB6C540093599A = {
						CreatedOnToolsVersion = 9.0.1;
						ProvisioningStyle = Automatic;
					};
				};
			};
			buildConfigurationList = D53199001FAB6C540093599A /* Build configuration list for PBXProject "ios" */;
			compatibilityVersion = "Xcode 8.0";
			developmentRegion = en;
			hasScannedForEncodings = 0;
			knownRegions = (
				en,
				Base,
			);
			mainGroup = D53198FC1FAB6C540093599A;
			productRefGroup = D53199061FAB6C540093599A /* Products */;
			projectDirPath = "";
			projectRoot = "";
			targets = (
				D53199041FAB6C540093599A /* ios */,
			);
		};
/* End PBXProject section */

/* Begin PBXResourcesBuildPhase section */
		D53199031FAB6C540093599A /* Resources */ = {
			isa = PBXResourcesBuildPhase;
			buildActionMask = 2147483647;
			files = (
				D53199151FAB6C540093599A /* LaunchScreen.storyboard in Resources */,
				D53199121FAB6C540093599A /* Assets.xcassets in Resources */,
				D53199101FAB6C540093599A /* Main.storyboard in Resources */,
			);
			runOnlyForDeploymentPostprocessing = 0;
		};
/* End PBXResourcesBuildPhase section */

/* Begin PBXSourcesBuildPhase section */
		D53199011FAB6C540093599A /* Sources */ = {
			isa = PBXSourcesBuildPhase;
			buildActionMask = 2147483647;
			files = (
				D531990D1FAB6C540093599A /* BestFriendsViewController.swift in Sources */,
				D531993D1FAB789B0093599A /* FriendVO.swift in Sources */,
				D53199091FAB6C540093599A /* AppDelegate.swift in Sources */,
				D52A2DA91FAC60C800A64C21 /* DetailViewController.swift in Sources */,
				D531990B1FAB6C540093599A /* FriendsViewController.swift in Sources */,
				D531993B1FAB73190093599A /* FriendCell.swift in Sources */,
			);
			runOnlyForDeploymentPostprocessing = 0;
		};
/* End PBXSourcesBuildPhase section */

/* Begin PBXVariantGroup section */
		D531990E1FAB6C540093599A /* Main.storyboard */ = {
			isa = PBXVariantGroup;
			children = (
				D531990F1FAB6C540093599A /* Base */,
			);
			name = Main.storyboard;
			sourceTree = "<group>";
		};
		D53199131FAB6C540093599A /* LaunchScreen.storyboard */ = {
			isa = PBXVariantGroup;
			children = (
				D53199141FAB6C540093599A /* Base */,
			);
			name = LaunchScreen.storyboard;
			sourceTree = "<group>";
		};
/* End PBXVariantGroup section */

/* Begin XCBuildConfiguration section */
		D53199171FAB6C540093599A /* Debug */ = {
			isa = XCBuildConfiguration;
			buildSettings = {
				ALWAYS_SEARCH_USER_PATHS = NO;
				CLANG_ANALYZER_NONNULL = YES;
				CLANG_ANALYZER_NUMBER_OBJECT_CONVERSION = YES_AGGRESSIVE;
				CLANG_CXX_LANGUAGE_STANDARD = "gnu++14";
				CLANG_CXX_LIBRARY = "libc++";
				CLANG_ENABLE_MODULES = YES;
				CLANG_ENABLE_OBJC_ARC = YES;
				CLANG_WARN_BLOCK_CAPTURE_AUTORELEASING = YES;
				CLANG_WARN_BOOL_CONVERSION = YES;
				CLANG_WARN_COMMA = YES;
				CLANG_WARN_CONSTANT_CONVERSION = YES;
				CLANG_WARN_DIRECT_OBJC_ISA_USAGE = YES_ERROR;
				CLANG_WARN_DOCUMENTATION_COMMENTS = YES;
				CLANG_WARN_EMPTY_BODY = YES;
				CLANG_WARN_ENUM_CONVERSION = YES;
				CLANG_WARN_INFINITE_RECURSION = YES;
				CLANG_WARN_INT_CONVERSION = YES;
				CLANG_WARN_NON_LITERAL_NULL_CONVERSION = YES;
				CLANG_WARN_OBJC_LITERAL_CONVERSION = YES;
				CLANG_WARN_OBJC_ROOT_CLASS = YES_ERROR;
				CLANG_WARN_RANGE_LOOP_ANALYSIS = YES;
				CLANG_WARN_STRICT_PROTOTYPES = YES;
				CLANG_WARN_SUSPICIOUS_MOVE = YES;
				CLANG_WARN_UNGUARDED_AVAILABILITY = YES_AGGRESSIVE;
				CLANG_WARN_UNREACHABLE_CODE = YES;
				CLANG_WARN__DUPLICATE_METHOD_MATCH = YES;
				CODE_SIGN_IDENTITY = "iPhone Developer";
				COPY_PHASE_STRIP = NO;
				DEBUG_INFORMATION_FORMAT = dwarf;
				ENABLE_STRICT_OBJC_MSGSEND = YES;
				ENABLE_TESTABILITY = YES;
				GCC_C_LANGUAGE_STANDARD = gnu11;
				GCC_DYNAMIC_NO_PIC = NO;
				GCC_NO_COMMON_BLOCKS = YES;
				GCC_OPTIMIZATION_LEVEL = 0;
				GCC_PREPROCESSOR_DEFINITIONS = (
					"DEBUG=1",
					"$(inherited)",
				);
				GCC_WARN_64_TO_32_BIT_CONVERSION = YES;
				GCC_WARN_ABOUT_RETURN_TYPE = YES_ERROR;
				GCC_WARN_UNDECLARED_SELECTOR = YES;
				GCC_WARN_UNINITIALIZED_AUTOS = YES_AGGRESSIVE;
				GCC_WARN_UNUSED_FUNCTION = YES;
				GCC_WARN_UNUSED_VARIABLE = YES;
				IPHONEOS_DEPLOYMENT_TARGET = 11.0;
				MTL_ENABLE_DEBUG_INFO = YES;
				ONLY_ACTIVE_ARCH = YES;
				SDKROOT = iphoneos;
				SWIFT_ACTIVE_COMPILATION_CONDITIONS = DEBUG;
				SWIFT_OPTIMIZATION_LEVEL = "-Onone";
			};
			name = Debug;
		};
		D53199181FAB6C540093599A /* Release */ = {
			isa = XCBuildConfiguration;
			buildSettings = {
				ALWAYS_SEARCH_USER_PATHS = NO;
				CLANG_ANALYZER_NONNULL = YES;
				CLANG_ANALYZER_NUMBER_OBJECT_CONVERSION = YES_AGGRESSIVE;
				CLANG_CXX_LANGUAGE_STANDARD = "gnu++14";
				CLANG_CXX_LIBRARY = "libc++";
				CLANG_ENABLE_MODULES = YES;
				CLANG_ENABLE_OBJC_ARC = YES;
				CLANG_WARN_BLOCK_CAPTURE_AUTORELEASING = YES;
				CLANG_WARN_BOOL_CONVERSION = YES;
				CLANG_WARN_COMMA = YES;
				CLANG_WARN_CONSTANT_CONVERSION = YES;
				CLANG_WARN_DIRECT_OBJC_ISA_USAGE = YES_ERROR;
				CLANG_WARN_DOCUMENTATION_COMMENTS = YES;
				CLANG_WARN_EMPTY_BODY = YES;
				CLANG_WARN_ENUM_CONVERSION = YES;
				CLANG_WARN_INFINITE_RECURSION = YES;
				CLANG_WARN_INT_CONVERSION = YES;
				CLANG_WARN_NON_LITERAL_NULL_CONVERSION = YES;
				CLANG_WARN_OBJC_LITERAL_CONVERSION = YES;
				CLANG_WARN_OBJC_ROOT_CLASS = YES_ERROR;
				CLANG_WARN_RANGE_LOOP_ANALYSIS = YES;
				CLANG_WARN_STRICT_PROTOTYPES = YES;
				CLANG_WARN_SUSPICIOUS_MOVE = YES;
				CLANG_WARN_UNGUARDED_AVAILABILITY = YES_AGGRESSIVE;
				CLANG_WARN_UNREACHABLE_CODE = YES;
				CLANG_WARN__DUPLICATE_METHOD_MATCH = YES;
				CODE_SIGN_IDENTITY = "iPhone Developer";
				COPY_PHASE_STRIP = NO;
				DEBUG_INFORMATION_FORMAT = "dwarf-with-dsym";
				ENABLE_NS_ASSERTIONS = NO;
				ENABLE_STRICT_OBJC_MSGSEND = YES;
				GCC_C_LANGUAGE_STANDARD = gnu11;
				GCC_NO_COMMON_BLOCKS = YES;
				GCC_WARN_64_TO_32_BIT_CONVERSION = YES;
				GCC_WARN_ABOUT_RETURN_TYPE = YES_ERROR;
				GCC_WARN_UNDECLARED_SELECTOR = YES;
				GCC_WARN_UNINITIALIZED_AUTOS = YES_AGGRESSIVE;
				GCC_WARN_UNUSED_FUNCTION = YES;
				GCC_WARN_UNUSED_VARIABLE = YES;
				IPHONEOS_DEPLOYMENT_TARGET = 11.0;
				MTL_ENABLE_DEBUG_INFO = NO;
				SDKROOT = iphoneos;
				SWIFT_OPTIMIZATION_LEVEL = "-Owholemodule";
				VALIDATE_PRODUCT = YES;
			};
			name = Release;
		};
		D531991A1FAB6C540093599A /* Debug */ = {
			isa = XCBuildConfiguration;
			buildSettings = {
				ASSETCATALOG_COMPILER_APPICON_NAME = AppIcon;
				CODE_SIGN_STYLE = Automatic;
				INFOPLIST_FILE = ios/Info.plist;
				LD_RUNPATH_SEARCH_PATHS = "$(inherited) @executable_path/Frameworks";
				PRODUCT_BUNDLE_IDENTIFIER = com.jex.ios;
				PRODUCT_NAME = "$(TARGET_NAME)";
				SWIFT_VERSION = 3.0;
				TARGETED_DEVICE_FAMILY = "1,2";
			};
			name = Debug;
		};
		D531991B1FAB6C540093599A /* Release */ = {
			isa = XCBuildConfiguration;
			buildSettings = {
				ASSETCATALOG_COMPILER_APPICON_NAME = AppIcon;
				CODE_SIGN_STYLE = Automatic;
				INFOPLIST_FILE = ios/Info.plist;
				LD_RUNPATH_SEARCH_PATHS = "$(inherited) @executable_path/Frameworks";
				PRODUCT_BUNDLE_IDENTIFIER = com.jex.ios;
				PRODUCT_NAME = "$(TARGET_NAME)";
				SWIFT_VERSION = 3.0;
				TARGETED_DEVICE_FAMILY = "1,2";
			};
			name = Release;
		};
/* End XCBuildConfiguration section */

/* Begin XCConfigurationList section */
		D53199001FAB6C540093599A /* Build configuration list for PBXProject "ios" */ = {
			isa = XCConfigurationList;
			buildConfigurations = (
				D53199171FAB6C540093599A /* Debug */,
				D53199181FAB6C540093599A /* Release */,
			);
			defaultConfigurationIsVisible = 0;
			defaultConfigurationName = Release;
		};
		D53199191FAB6C540093599A /* Build configuration list for PBXNativeTarget "ios" */ = {
			isa = XCConfigurationList;
			buildConfigurations = (
				D531991A1FAB6C540093599A /* Debug */,
				D531991B1FAB6C540093599A /* Release */,
			);
			defaultConfigurationIsVisible = 0;
			defaultConfigurationName = Release;
		};
/* End XCConfigurationList section */
	};
	rootObject = D53198FD1FAB6C540093599A /* Project object */;
}
